<?xml version="1.0" encoding="utf-8"?>
<Project ToolsVersion="4.0" xmlns="http://schemas.microsoft.com/developer/msbuild/2003">
  <ItemGroup>
    <Filter Include="Source Files">
      <UniqueIdentifier>{6db739ec-ec63-4fe5-ad38-708121b68840}</UniqueIdentifier>
      <Extensions>cpp;c;cxx;def;odl;idl;hpj;bat;asm</Extensions>
    </Filter>
    <Filter Include="Header Files">
      <UniqueIdentifier>{81dfd02f-7c7c-4f18-a74f-444b43e9fc0e}</UniqueIdentifier>
      <Extensions>h;hpp;hxx;hm;inl;inc</Extensions>
    </Filter>
    <Filter Include="Resource Files">
      <UniqueIdentifier>{0c40fab5-1da3-4202-bb50-8d6dd808c954}</UniqueIdentifier>
      <Extensions>rc;ico;cur;bmp;dlg;rc2;rct;bin;rgs;jpg;jpeg;jpe;manifest</Extensions>
    </Filter>
    <Filter Include="Header Files\image">
      <UniqueIdentifier>{0943d59c-d1c8-4fc9-9af3-e90dd3166f2f}</UniqueIdentifier>
    </Filter>
    <Filter Include="Header Files\pane">
      <UniqueIdentifier>{e72ad88f-e6fa-4b2d-abcb-4ef226a1b5b3}</UniqueIdentifier>
    </Filter>
    <Filter Include="Header Files\dlgs">
      <UniqueIdentifier>{529e8cf9-a5d6-4bc5-be40-705c10b2e2aa}</UniqueIdentifier>
    </Filter>
  </ItemGroup>
  <ItemGroup>
    <ClCompile Include="stdafx.cpp">
      <Filter>Source Files</Filter>
    </ClCompile>
    <ClCompile Include="quicktools.cpp">
      <Filter>Source Files</Filter>
    </ClCompile>
  </ItemGroup>
  <ItemGroup>
    <ClInclude Include="stdafx.h">
      <Filter>Header Files</Filter>
    </ClInclude>
    <ClInclude Include="MainFrm.h">
      <Filter>Header Files</Filter>
    </ClInclude>
    <ClInclude Include="View.h">
      <Filter>Header Files</Filter>
    </ClInclude>
    <ClInclude Include="AboutDlg.h">
      <Filter>Header Files</Filter>
    </ClInclude>
    <ClInclude Include="resource.h">
      <Filter>Header Files</Filter>
    </ClInclude>
    <ClInclude Include="image\batch_image.h">
      <Filter>Header Files\image</Filter>
    </ClInclude>
    <ClInclude Include="image\image_view.h">
      <Filter>Header Files\image</Filter>
    </ClInclude>
    <ClInclude Include="pane\custom_checked_listview.h">
      <Filter>Header Files\pane</Filter>
    </ClInclude>
    <ClInclude Include="pane\searchbar.h">
      <Filter>Header Files\pane</Filter>
    </ClInclude>
    <ClInclude Include="pane\directorybar.h">
      <Filter>Header Files\pane</Filter>
    </ClInclude>
    <ClInclude Include="image\utils.h">
      <Filter>Header Files\image</Filter>
    </ClInclude>
    <ClInclude Include="image\image_data.h">
      <Filter>Header Files\image</Filter>
    </ClInclude>
    <ClInclude Include="dlgs\canny_dlg.h">
      <Filter>Header Files\dlgs</Filter>
    </ClInclude>
    <ClInclude Include="pane\dock_listview_pane.h">
      <Filter>Header Files\pane</Filter>
    </ClInclude>
    <ClInclude Include="pane\dock_opera_pane.h">
      <Filter>Header Files\pane</Filter>
    </ClInclude>
    <ClInclude Include="dlgs\gaussian_dlg.h">
      <Filter>Header Files\dlgs</Filter>
    </ClInclude>
    <ClInclude Include="pane\drag_check_listview.h">
      <Filter>Header Files\pane</Filter>
    </ClInclude>
    <ClInclude Include="pane\normal_opera_form.h">
      <Filter>Header Files\pane</Filter>
    </ClInclude>
    <ClInclude Include="pane\opera_tools.h">
      <Filter>Header Files\pane</Filter>
    </ClInclude>
    <ClInclude Include="pane\dock_opera_pane_item.h">
      <Filter>Header Files\pane</Filter>
    </ClInclude>
    <ClInclude Include="dlgs\laplacian_of_gaussian_dlg.h">
      <Filter>Header Files\dlgs</Filter>
    </ClInclude>
    <ClInclude Include="dlgs\erosion_dilation_dlg.h">
      <Filter>Header Files\dlgs</Filter>
    </ClInclude>
  </ItemGroup>
  <ItemGroup>
    <ResourceCompile Include="quicktools.rc">
      <Filter>Resource Files</Filter>
    </ResourceCompile>
  </ItemGroup>
  <ItemGroup>
    <Image Include="res\toolbar.bmp">
      <Filter>Resource Files</Filter>
    </Image>
    <Image Include="res\quicktools.ico">
      <Filter>Resource Files</Filter>
    </Image>
    <Image Include="res\tools.bmp">
      <Filter>Resource Files</Filter>
    </Image>
  </ItemGroup>
  <ItemGroup>
    <None Include="..\README.md" />
  </ItemGroup>
</Project>